// !$*UTF8*$!
{
	archiveVersion = 1;
	classes = {
	};
	objectVersion = 52;
	objects = {

/* Begin PBXBuildFile section */
		1B05B1862B625251007F9A42 /* AppDelegate.swift in Sources */ = {isa = PBXBuildFile; fileRef = 1B05B1852B625251007F9A42 /* AppDelegate.swift */; };
		1B05B1882B625251007F9A42 /* SceneDelegate.swift in Sources */ = {isa = PBXBuildFile; fileRef = 1B05B1872B625251007F9A42 /* SceneDelegate.swift */; };
		1B05B18A2B625251007F9A42 /* ViewController.swift in Sources */ = {isa = PBXBuildFile; fileRef = 1B05B1892B625251007F9A42 /* ViewController.swift */; };
		1B05B18D2B625251007F9A42 /* Main.storyboard in Resources */ = {isa = PBXBuildFile; fileRef = 1B05B18B2B625251007F9A42 /* Main.storyboard */; };
		1B05B18F2B625251007F9A42 /* Assets.xcassets in Resources */ = {isa = PBXBuildFile; fileRef = 1B05B18E2B625251007F9A42 /* Assets.xcassets */; };
		1B05B1922B625251007F9A42 /* LaunchScreen.storyboard in Resources */ = {isa = PBXBuildFile; fileRef = 1B05B1902B625251007F9A42 /* LaunchScreen.storyboard */; };
		1B05B19D2B625251007F9A42 /* ejercicioRepasoDiTema2Tests.swift in Sources */ = {isa = PBXBuildFile; fileRef = 1B05B19C2B625251007F9A42 /* ejercicioRepasoDiTema2Tests.swift */; };
		1B05B1A82B625252007F9A42 /* ejercicioRepasoDiTema2UITests.swift in Sources */ = {isa = PBXBuildFile; fileRef = 1B05B1A72B625252007F9A42 /* ejercicioRepasoDiTema2UITests.swift */; };
		1B05B1BA2B6253DE007F9A42 /* CeldaTableViewCell.swift in Sources */ = {isa = PBXBuildFile; fileRef = 1B05B1B92B6253DE007F9A42 /* CeldaTableViewCell.swift */; };
		1B05B1C32B625577007F9A42 /* Alamofire in Frameworks */ = {isa = PBXBuildFile; productRef = 1B05B1C22B625577007F9A42 /* Alamofire */; };
		1B05B1C92B6256F4007F9A42 /* AlamofireImage in Frameworks */ = {isa = PBXBuildFile; productRef = 1B05B1C82B6256F4007F9A42 /* AlamofireImage */; };
		1B05B1D52B62570F007F9A42 /* modelos.swift in Sources */ = {isa = PBXBuildFile; fileRef = 1B05B1D42B62570F007F9A42 /* modelos.swift */; };
		1B05B1DB2B625788007F9A42 /* ApiConexiones.swift in Sources */ = {isa = PBXBuildFile; fileRef = 1B05B1DA2B625788007F9A42 /* ApiConexiones.swift */; };
		1B05B1E02B62695F007F9A42 /* MealsViewController.swift in Sources */ = {isa = PBXBuildFile; fileRef = 1B05B1DF2B62695F007F9A42 /* MealsViewController.swift */; };
		1B4CF89F2B6B930200A6A2F9 /* ManagerUserDefaults.swift in Sources */ = {isa = PBXBuildFile; fileRef = 1B4CF89E2B6B930200A6A2F9 /* ManagerUserDefaults.swift */; };
		1B4CF8A52B6B959B00A6A2F9 /* Toast in Frameworks */ = {isa = PBXBuildFile; productRef = 1B4CF8A42B6B959B00A6A2F9 /* Toast */; };
		1BBDF7482B63D327005BC90A /* RecetaViewController.swift in Sources */ = {isa = PBXBuildFile; fileRef = 1BBDF7472B63D327005BC90A /* RecetaViewController.swift */; };
		1BBDF74E2B63DE8D005BC90A /* FirebaseAppDistribution-Beta in Frameworks */ = {isa = PBXBuildFile; productRef = 1BBDF74D2B63DE8D005BC90A /* FirebaseAppDistribution-Beta */; };
		1BBDF7502B63DE8D005BC90A /* FirebaseInAppMessaging-Beta in Frameworks */ = {isa = PBXBuildFile; productRef = 1BBDF74F2B63DE8D005BC90A /* FirebaseInAppMessaging-Beta */; };
		1BBDF7522B63DE8D005BC90A /* FirebaseAnalyticsSwift-Beta in Frameworks */ = {isa = PBXBuildFile; productRef = 1BBDF7512B63DE8D005BC90A /* FirebaseAnalyticsSwift-Beta */; };
		1BBDF7542B63DE8D005BC90A /* FirebaseAnalyticsWithoutAdIdSupport in Frameworks */ = {isa = PBXBuildFile; productRef = 1BBDF7532B63DE8D005BC90A /* FirebaseAnalyticsWithoutAdIdSupport */; };
		1BBDF7562B63DE8D005BC90A /* FirebaseFirestore in Frameworks */ = {isa = PBXBuildFile; productRef = 1BBDF7552B63DE8D005BC90A /* FirebaseFirestore */; };
		1BBDF7582B63DE8D005BC90A /* FirebaseAuthCombine-Community in Frameworks */ = {isa = PBXBuildFile; productRef = 1BBDF7572B63DE8D005BC90A /* FirebaseAuthCombine-Community */; };
		1BBDF75A2B63DE8D005BC90A /* FirebaseInstallations in Frameworks */ = {isa = PBXBuildFile; productRef = 1BBDF7592B63DE8D005BC90A /* FirebaseInstallations */; };
		1BBDF75C2B63DE8D005BC90A /* FirebaseRemoteConfigSwift-Beta in Frameworks */ = {isa = PBXBuildFile; productRef = 1BBDF75B2B63DE8D005BC90A /* FirebaseRemoteConfigSwift-Beta */; };
		1BBDF75E2B63DE8D005BC90A /* FirebaseFunctionsCombine-Community in Frameworks */ = {isa = PBXBuildFile; productRef = 1BBDF75D2B63DE8D005BC90A /* FirebaseFunctionsCombine-Community */; };
		1BBDF7602B63DE8D005BC90A /* FirebaseFirestoreSwift-Beta in Frameworks */ = {isa = PBXBuildFile; productRef = 1BBDF75F2B63DE8D005BC90A /* FirebaseFirestoreSwift-Beta */; };
		1BBDF7622B63DE8D005BC90A /* FirebaseAnalytics in Frameworks */ = {isa = PBXBuildFile; productRef = 1BBDF7612B63DE8D005BC90A /* FirebaseAnalytics */; };
		1BBDF7642B63DE8D005BC90A /* FirebaseDatabase in Frameworks */ = {isa = PBXBuildFile; productRef = 1BBDF7632B63DE8D005BC90A /* FirebaseDatabase */; };
		1BBDF7662B63DE8D005BC90A /* FirebasePerformance in Frameworks */ = {isa = PBXBuildFile; productRef = 1BBDF7652B63DE8D005BC90A /* FirebasePerformance */; };
		1BBDF7682B63DE8D005BC90A /* FirebaseRemoteConfig in Frameworks */ = {isa = PBXBuildFile; productRef = 1BBDF7672B63DE8D005BC90A /* FirebaseRemoteConfig */; };
		1BBDF76A2B63DE8D005BC90A /* FirebaseAppCheck in Frameworks */ = {isa = PBXBuildFile; productRef = 1BBDF7692B63DE8D005BC90A /* FirebaseAppCheck */; };
		1BBDF76C2B63DE8D005BC90A /* FirebaseStorageCombine-Community in Frameworks */ = {isa = PBXBuildFile; productRef = 1BBDF76B2B63DE8D005BC90A /* FirebaseStorageCombine-Community */; };
		1BBDF76E2B63DE8D005BC90A /* FirebaseAuth in Frameworks */ = {isa = PBXBuildFile; productRef = 1BBDF76D2B63DE8D005BC90A /* FirebaseAuth */; };
		1BBDF7702B63DE8D005BC90A /* FirebaseInAppMessagingSwift-Beta in Frameworks */ = {isa = PBXBuildFile; productRef = 1BBDF76F2B63DE8D005BC90A /* FirebaseInAppMessagingSwift-Beta */; };
		1BBDF7722B63DE8D005BC90A /* FirebaseDatabaseSwift-Beta in Frameworks */ = {isa = PBXBuildFile; productRef = 1BBDF7712B63DE8D005BC90A /* FirebaseDatabaseSwift-Beta */; };
		1BBDF7742B63DE8D005BC90A /* FirebaseStorageSwift-Beta in Frameworks */ = {isa = PBXBuildFile; productRef = 1BBDF7732B63DE8D005BC90A /* FirebaseStorageSwift-Beta */; };
		1BBDF7762B63DE8D005BC90A /* FirebaseMLModelDownloader in Frameworks */ = {isa = PBXBuildFile; productRef = 1BBDF7752B63DE8D005BC90A /* FirebaseMLModelDownloader */; };
		1BBDF7782B63DE8D005BC90A /* FirebaseCrashlytics in Frameworks */ = {isa = PBXBuildFile; productRef = 1BBDF7772B63DE8D005BC90A /* FirebaseCrashlytics */; };
		1BBDF77A2B63DE8D005BC90A /* FirebaseMessaging in Frameworks */ = {isa = PBXBuildFile; productRef = 1BBDF7792B63DE8D005BC90A /* FirebaseMessaging */; };
		1BBDF77C2B63DE8D005BC90A /* FirebaseStorage in Frameworks */ = {isa = PBXBuildFile; productRef = 1BBDF77B2B63DE8D005BC90A /* FirebaseStorage */; };
		1BBDF77E2B63DE8D005BC90A /* FirebaseDynamicLinks in Frameworks */ = {isa = PBXBuildFile; productRef = 1BBDF77D2B63DE8D005BC90A /* FirebaseDynamicLinks */; };
		1BBDF7802B63DE8D005BC90A /* FirebaseFunctionsSwift-Beta in Frameworks */ = {isa = PBXBuildFile; productRef = 1BBDF77F2B63DE8D005BC90A /* FirebaseFunctionsSwift-Beta */; };
		1BBDF7822B63DE8D005BC90A /* FirebaseFunctions in Frameworks */ = {isa = PBXBuildFile; productRef = 1BBDF7812B63DE8D005BC90A /* FirebaseFunctions */; };
		1BBDF7842B63DE8D005BC90A /* FirebaseFirestoreCombine-Community in Frameworks */ = {isa = PBXBuildFile; productRef = 1BBDF7832B63DE8D005BC90A /* FirebaseFirestoreCombine-Community */; };
		1BBDF7892B63E044005BC90A /* GoogleService-Info.plist in Resources */ = {isa = PBXBuildFile; fileRef = 1BBDF7882B63E044005BC90A /* GoogleService-Info.plist */; };
		1BBDF78E2B63E1F2005BC90A /* LoginViewController.swift in Sources */ = {isa = PBXBuildFile; fileRef = 1BBDF78D2B63E1F2005BC90A /* LoginViewController.swift */; };
/* End PBXBuildFile section */

/* Begin PBXContainerItemProxy section */
		1B05B1992B625251007F9A42 /* PBXContainerItemProxy */ = {
			isa = PBXContainerItemProxy;
			containerPortal = 1B05B17A2B625250007F9A42 /* Project object */;
			proxyType = 1;
			remoteGlobalIDString = 1B05B1812B625250007F9A42;
			remoteInfo = ejercicioRepasoDiTema2;
		};
		1B05B1A42B625252007F9A42 /* PBXContainerItemProxy */ = {
			isa = PBXContainerItemProxy;
			containerPortal = 1B05B17A2B625250007F9A42 /* Project object */;
			proxyType = 1;
			remoteGlobalIDString = 1B05B1812B625250007F9A42;
			remoteInfo = ejercicioRepasoDiTema2;
		};
/* End PBXContainerItemProxy section */

/* Begin PBXFileReference section */
		1B05B1822B625251007F9A42 /* ejercicioRepasoDiTema2.app */ = {isa = PBXFileReference; explicitFileType = wrapper.application; includeInIndex = 0; path = ejercicioRepasoDiTema2.app; sourceTree = BUILT_PRODUCTS_DIR; };
		1B05B1852B625251007F9A42 /* AppDelegate.swift */ = {isa = PBXFileReference; lastKnownFileType = sourcecode.swift; path = AppDelegate.swift; sourceTree = "<group>"; };
		1B05B1872B625251007F9A42 /* SceneDelegate.swift */ = {isa = PBXFileReference; lastKnownFileType = sourcecode.swift; path = SceneDelegate.swift; sourceTree = "<group>"; };
		1B05B1892B625251007F9A42 /* ViewController.swift */ = {isa = PBXFileReference; lastKnownFileType = sourcecode.swift; path = ViewController.swift; sourceTree = "<group>"; };
		1B05B18C2B625251007F9A42 /* Base */ = {isa = PBXFileReference; lastKnownFileType = file.storyboard; name = Base; path = Base.lproj/Main.storyboard; sourceTree = "<group>"; };
		1B05B18E2B625251007F9A42 /* Assets.xcassets */ = {isa = PBXFileReference; lastKnownFileType = folder.assetcatalog; path = Assets.xcassets; sourceTree = "<group>"; };
		1B05B1912B625251007F9A42 /* Base */ = {isa = PBXFileReference; lastKnownFileType = file.storyboard; name = Base; path = Base.lproj/LaunchScreen.storyboard; sourceTree = "<group>"; };
		1B05B1932B625251007F9A42 /* Info.plist */ = {isa = PBXFileReference; lastKnownFileType = text.plist.xml; path = Info.plist; sourceTree = "<group>"; };
		1B05B1982B625251007F9A42 /* ejercicioRepasoDiTema2Tests.xctest */ = {isa = PBXFileReference; explicitFileType = wrapper.cfbundle; includeInIndex = 0; path = ejercicioRepasoDiTema2Tests.xctest; sourceTree = BUILT_PRODUCTS_DIR; };
		1B05B19C2B625251007F9A42 /* ejercicioRepasoDiTema2Tests.swift */ = {isa = PBXFileReference; lastKnownFileType = sourcecode.swift; path = ejercicioRepasoDiTema2Tests.swift; sourceTree = "<group>"; };
		1B05B19E2B625252007F9A42 /* Info.plist */ = {isa = PBXFileReference; lastKnownFileType = text.plist.xml; path = Info.plist; sourceTree = "<group>"; };
		1B05B1A32B625252007F9A42 /* ejercicioRepasoDiTema2UITests.xctest */ = {isa = PBXFileReference; explicitFileType = wrapper.cfbundle; includeInIndex = 0; path = ejercicioRepasoDiTema2UITests.xctest; sourceTree = BUILT_PRODUCTS_DIR; };
		1B05B1A72B625252007F9A42 /* ejercicioRepasoDiTema2UITests.swift */ = {isa = PBXFileReference; lastKnownFileType = sourcecode.swift; path = ejercicioRepasoDiTema2UITests.swift; sourceTree = "<group>"; };
		1B05B1A92B625252007F9A42 /* Info.plist */ = {isa = PBXFileReference; lastKnownFileType = text.plist.xml; path = Info.plist; sourceTree = "<group>"; };
		1B05B1B92B6253DE007F9A42 /* CeldaTableViewCell.swift */ = {isa = PBXFileReference; lastKnownFileType = sourcecode.swift; path = CeldaTableViewCell.swift; sourceTree = "<group>"; };
		1B05B1D42B62570F007F9A42 /* modelos.swift */ = {isa = PBXFileReference; lastKnownFileType = sourcecode.swift; path = modelos.swift; sourceTree = "<group>"; };
		1B05B1DA2B625788007F9A42 /* ApiConexiones.swift */ = {isa = PBXFileReference; lastKnownFileType = sourcecode.swift; path = ApiConexiones.swift; sourceTree = "<group>"; };
		1B05B1DF2B62695F007F9A42 /* MealsViewController.swift */ = {isa = PBXFileReference; lastKnownFileType = sourcecode.swift; path = MealsViewController.swift; sourceTree = "<group>"; };
		1B4CF89E2B6B930200A6A2F9 /* ManagerUserDefaults.swift */ = {isa = PBXFileReference; lastKnownFileType = sourcecode.swift; path = ManagerUserDefaults.swift; sourceTree = "<group>"; };
		1BBDF7472B63D327005BC90A /* RecetaViewController.swift */ = {isa = PBXFileReference; lastKnownFileType = sourcecode.swift; path = RecetaViewController.swift; sourceTree = "<group>"; };
		1BBDF7882B63E044005BC90A /* GoogleService-Info.plist */ = {isa = PBXFileReference; fileEncoding = 4; lastKnownFileType = text.plist.xml; path = "GoogleService-Info.plist"; sourceTree = "<group>"; };
		1BBDF78D2B63E1F2005BC90A /* LoginViewController.swift */ = {isa = PBXFileReference; lastKnownFileType = sourcecode.swift; path = LoginViewController.swift; sourceTree = "<group>"; };
/* End PBXFileReference section */

/* Begin PBXFrameworksBuildPhase section */
		1B05B17F2B625250007F9A42 /* Frameworks */ = {
			isa = PBXFrameworksBuildPhase;
			buildActionMask = 2147483647;
			files = (
				1BBDF7522B63DE8D005BC90A /* FirebaseAnalyticsSwift-Beta in Frameworks */,
				1BBDF76A2B63DE8D005BC90A /* FirebaseAppCheck in Frameworks */,
				1BBDF7702B63DE8D005BC90A /* FirebaseInAppMessagingSwift-Beta in Frameworks */,
				1BBDF7842B63DE8D005BC90A /* FirebaseFirestoreCombine-Community in Frameworks */,
				1BBDF75C2B63DE8D005BC90A /* FirebaseRemoteConfigSwift-Beta in Frameworks */,
				1BBDF7662B63DE8D005BC90A /* FirebasePerformance in Frameworks */,
				1BBDF7542B63DE8D005BC90A /* FirebaseAnalyticsWithoutAdIdSupport in Frameworks */,
				1B05B1C32B625577007F9A42 /* Alamofire in Frameworks */,
				1BBDF77A2B63DE8D005BC90A /* FirebaseMessaging in Frameworks */,
				1BBDF7622B63DE8D005BC90A /* FirebaseAnalytics in Frameworks */,
				1BBDF75A2B63DE8D005BC90A /* FirebaseInstallations in Frameworks */,
				1BBDF7762B63DE8D005BC90A /* FirebaseMLModelDownloader in Frameworks */,
				1BBDF7742B63DE8D005BC90A /* FirebaseStorageSwift-Beta in Frameworks */,
				1BBDF7822B63DE8D005BC90A /* FirebaseFunctions in Frameworks */,
				1BBDF7682B63DE8D005BC90A /* FirebaseRemoteConfig in Frameworks */,
				1B05B1C92B6256F4007F9A42 /* AlamofireImage in Frameworks */,
				1BBDF77E2B63DE8D005BC90A /* FirebaseDynamicLinks in Frameworks */,
				1BBDF74E2B63DE8D005BC90A /* FirebaseAppDistribution-Beta in Frameworks */,
				1B4CF8A52B6B959B00A6A2F9 /* Toast in Frameworks */,
				1BBDF7722B63DE8D005BC90A /* FirebaseDatabaseSwift-Beta in Frameworks */,
				1BBDF7502B63DE8D005BC90A /* FirebaseInAppMessaging-Beta in Frameworks */,
				1BBDF7562B63DE8D005BC90A /* FirebaseFirestore in Frameworks */,
				1BBDF76E2B63DE8D005BC90A /* FirebaseAuth in Frameworks */,
				1BBDF7602B63DE8D005BC90A /* FirebaseFirestoreSwift-Beta in Frameworks */,
				1BBDF75E2B63DE8D005BC90A /* FirebaseFunctionsCombine-Community in Frameworks */,
				1BBDF77C2B63DE8D005BC90A /* FirebaseStorage in Frameworks */,
				1BBDF7642B63DE8D005BC90A /* FirebaseDatabase in Frameworks */,
				1BBDF7782B63DE8D005BC90A /* FirebaseCrashlytics in Frameworks */,
				1BBDF76C2B63DE8D005BC90A /* FirebaseStorageCombine-Community in Frameworks */,
				1BBDF7582B63DE8D005BC90A /* FirebaseAuthCombine-Community in Frameworks */,
				1BBDF7802B63DE8D005BC90A /* FirebaseFunctionsSwift-Beta in Frameworks */,
			);
			runOnlyForDeploymentPostprocessing = 0;
		};
		1B05B1952B625251007F9A42 /* Frameworks */ = {
			isa = PBXFrameworksBuildPhase;
			buildActionMask = 2147483647;
			files = (
			);
			runOnlyForDeploymentPostprocessing = 0;
		};
		1B05B1A02B625252007F9A42 /* Frameworks */ = {
			isa = PBXFrameworksBuildPhase;
			buildActionMask = 2147483647;
			files = (
			);
			runOnlyForDeploymentPostprocessing = 0;
		};
/* End PBXFrameworksBuildPhase section */

/* Begin PBXGroup section */
		1B05B1792B625250007F9A42 = {
			isa = PBXGroup;
			children = (
				1BBDF7882B63E044005BC90A /* GoogleService-Info.plist */,
				1B05B1842B625251007F9A42 /* ejercicioRepasoDiTema2 */,
				1B05B19B2B625251007F9A42 /* ejercicioRepasoDiTema2Tests */,
				1B05B1A62B625252007F9A42 /* ejercicioRepasoDiTema2UITests */,
				1B05B1832B625251007F9A42 /* Products */,
			);
			sourceTree = "<group>";
		};
		1B05B1832B625251007F9A42 /* Products */ = {
			isa = PBXGroup;
			children = (
				1B05B1822B625251007F9A42 /* ejercicioRepasoDiTema2.app */,
				1B05B1982B625251007F9A42 /* ejercicioRepasoDiTema2Tests.xctest */,
				1B05B1A32B625252007F9A42 /* ejercicioRepasoDiTema2UITests.xctest */,
			);
			name = Products;
			sourceTree = "<group>";
		};
		1B05B1842B625251007F9A42 /* ejercicioRepasoDiTema2 */ = {
			isa = PBXGroup;
			children = (
				1B05B1D92B62576F007F9A42 /* conexiones */,
				1B05B1CA2B6256F7007F9A42 /* modelos */,
				1B05B1B82B6253C0007F9A42 /* controllers */,
				1B05B1852B625251007F9A42 /* AppDelegate.swift */,
				1B05B1872B625251007F9A42 /* SceneDelegate.swift */,
				1B05B1892B625251007F9A42 /* ViewController.swift */,
				1B05B18B2B625251007F9A42 /* Main.storyboard */,
				1B05B18E2B625251007F9A42 /* Assets.xcassets */,
				1B05B1902B625251007F9A42 /* LaunchScreen.storyboard */,
				1B05B1932B625251007F9A42 /* Info.plist */,
			);
			path = ejercicioRepasoDiTema2;
			sourceTree = "<group>";
		};
		1B05B19B2B625251007F9A42 /* ejercicioRepasoDiTema2Tests */ = {
			isa = PBXGroup;
			children = (
				1B05B19C2B625251007F9A42 /* ejercicioRepasoDiTema2Tests.swift */,
				1B05B19E2B625252007F9A42 /* Info.plist */,
			);
			path = ejercicioRepasoDiTema2Tests;
			sourceTree = "<group>";
		};
		1B05B1A62B625252007F9A42 /* ejercicioRepasoDiTema2UITests */ = {
			isa = PBXGroup;
			children = (
				1B05B1A72B625252007F9A42 /* ejercicioRepasoDiTema2UITests.swift */,
				1B05B1A92B625252007F9A42 /* Info.plist */,
			);
			path = ejercicioRepasoDiTema2UITests;
			sourceTree = "<group>";
		};
		1B05B1B82B6253C0007F9A42 /* controllers */ = {
			isa = PBXGroup;
			children = (
				1B05B1B92B6253DE007F9A42 /* CeldaTableViewCell.swift */,
				1B05B1DF2B62695F007F9A42 /* MealsViewController.swift */,
				1BBDF7472B63D327005BC90A /* RecetaViewController.swift */,
				1BBDF78D2B63E1F2005BC90A /* LoginViewController.swift */,
			);
			path = controllers;
			sourceTree = "<group>";
		};
		1B05B1CA2B6256F7007F9A42 /* modelos */ = {
			isa = PBXGroup;
			children = (
				1B05B1D42B62570F007F9A42 /* modelos.swift */,
			);
			path = modelos;
			sourceTree = "<group>";
		};
		1B05B1D92B62576F007F9A42 /* conexiones */ = {
			isa = PBXGroup;
			children = (
				1B05B1DA2B625788007F9A42 /* ApiConexiones.swift */,
				1B4CF89E2B6B930200A6A2F9 /* ManagerUserDefaults.swift */,
			);
			path = conexiones;
			sourceTree = "<group>";
		};
/* End PBXGroup section */

/* Begin PBXNativeTarget section */
		1B05B1812B625250007F9A42 /* ejercicioRepasoDiTema2 */ = {
			isa = PBXNativeTarget;
			buildConfigurationList = 1B05B1AC2B625252007F9A42 /* Build configuration list for PBXNativeTarget "ejercicioRepasoDiTema2" */;
			buildPhases = (
				1B05B17E2B625250007F9A42 /* Sources */,
				1B05B17F2B625250007F9A42 /* Frameworks */,
				1B05B1802B625250007F9A42 /* Resources */,
			);
			buildRules = (
			);
			dependencies = (
			);
			name = ejercicioRepasoDiTema2;
			packageProductDependencies = (
				1B05B1C22B625577007F9A42 /* Alamofire */,
				1B05B1C82B6256F4007F9A42 /* AlamofireImage */,
				1BBDF74D2B63DE8D005BC90A /* FirebaseAppDistribution-Beta */,
				1BBDF74F2B63DE8D005BC90A /* FirebaseInAppMessaging-Beta */,
				1BBDF7512B63DE8D005BC90A /* FirebaseAnalyticsSwift-Beta */,
				1BBDF7532B63DE8D005BC90A /* FirebaseAnalyticsWithoutAdIdSupport */,
				1BBDF7552B63DE8D005BC90A /* FirebaseFirestore */,
				1BBDF7572B63DE8D005BC90A /* FirebaseAuthCombine-Community */,
				1BBDF7592B63DE8D005BC90A /* FirebaseInstallations */,
				1BBDF75B2B63DE8D005BC90A /* FirebaseRemoteConfigSwift-Beta */,
				1BBDF75D2B63DE8D005BC90A /* FirebaseFunctionsCombine-Community */,
				1BBDF75F2B63DE8D005BC90A /* FirebaseFirestoreSwift-Beta */,
				1BBDF7612B63DE8D005BC90A /* FirebaseAnalytics */,
				1BBDF7632B63DE8D005BC90A /* FirebaseDatabase */,
				1BBDF7652B63DE8D005BC90A /* FirebasePerformance */,
				1BBDF7672B63DE8D005BC90A /* FirebaseRemoteConfig */,
				1BBDF7692B63DE8D005BC90A /* FirebaseAppCheck */,
				1BBDF76B2B63DE8D005BC90A /* FirebaseStorageCombine-Community */,
				1BBDF76D2B63DE8D005BC90A /* FirebaseAuth */,
				1BBDF76F2B63DE8D005BC90A /* FirebaseInAppMessagingSwift-Beta */,
				1BBDF7712B63DE8D005BC90A /* FirebaseDatabaseSwift-Beta */,
				1BBDF7732B63DE8D005BC90A /* FirebaseStorageSwift-Beta */,
				1BBDF7752B63DE8D005BC90A /* FirebaseMLModelDownloader */,
				1BBDF7772B63DE8D005BC90A /* FirebaseCrashlytics */,
				1BBDF7792B63DE8D005BC90A /* FirebaseMessaging */,
				1BBDF77B2B63DE8D005BC90A /* FirebaseStorage */,
				1BBDF77D2B63DE8D005BC90A /* FirebaseDynamicLinks */,
				1BBDF77F2B63DE8D005BC90A /* FirebaseFunctionsSwift-Beta */,
				1BBDF7812B63DE8D005BC90A /* FirebaseFunctions */,
				1BBDF7832B63DE8D005BC90A /* FirebaseFirestoreCombine-Community */,
				1B4CF8A42B6B959B00A6A2F9 /* Toast */,
			);
			productName = ejercicioRepasoDiTema2;
			productReference = 1B05B1822B625251007F9A42 /* ejercicioRepasoDiTema2.app */;
			productType = "com.apple.product-type.application";
		};
		1B05B1972B625251007F9A42 /* ejercicioRepasoDiTema2Tests */ = {
			isa = PBXNativeTarget;
			buildConfigurationList = 1B05B1AF2B625252007F9A42 /* Build configuration list for PBXNativeTarget "ejercicioRepasoDiTema2Tests" */;
			buildPhases = (
				1B05B1942B625251007F9A42 /* Sources */,
				1B05B1952B625251007F9A42 /* Frameworks */,
				1B05B1962B625251007F9A42 /* Resources */,
			);
			buildRules = (
			);
			dependencies = (
				1B05B19A2B625251007F9A42 /* PBXTargetDependency */,
			);
			name = ejercicioRepasoDiTema2Tests;
			productName = ejercicioRepasoDiTema2Tests;
			productReference = 1B05B1982B625251007F9A42 /* ejercicioRepasoDiTema2Tests.xctest */;
			productType = "com.apple.product-type.bundle.unit-test";
		};
		1B05B1A22B625252007F9A42 /* ejercicioRepasoDiTema2UITests */ = {
			isa = PBXNativeTarget;
			buildConfigurationList = 1B05B1B22B625252007F9A42 /* Build configuration list for PBXNativeTarget "ejercicioRepasoDiTema2UITests" */;
			buildPhases = (
				1B05B19F2B625252007F9A42 /* Sources */,
				1B05B1A02B625252007F9A42 /* Frameworks */,
				1B05B1A12B625252007F9A42 /* Resources */,
			);
			buildRules = (
			);
			dependencies = (
				1B05B1A52B625252007F9A42 /* PBXTargetDependency */,
			);
			name = ejercicioRepasoDiTema2UITests;
			productName = ejercicioRepasoDiTema2UITests;
			productReference = 1B05B1A32B625252007F9A42 /* ejercicioRepasoDiTema2UITests.xctest */;
			productType = "com.apple.product-type.bundle.ui-testing";
		};
/* End PBXNativeTarget section */

/* Begin PBXProject section */
		1B05B17A2B625250007F9A42 /* Project object */ = {
			isa = PBXProject;
			attributes = {
				LastSwiftUpdateCheck = 1240;
				LastUpgradeCheck = 1240;
				TargetAttributes = {
					1B05B1812B625250007F9A42 = {
						CreatedOnToolsVersion = 12.4;
					};
					1B05B1972B625251007F9A42 = {
						CreatedOnToolsVersion = 12.4;
						TestTargetID = 1B05B1812B625250007F9A42;
					};
					1B05B1A22B625252007F9A42 = {
						CreatedOnToolsVersion = 12.4;
						TestTargetID = 1B05B1812B625250007F9A42;
					};
				};
			};
			buildConfigurationList = 1B05B17D2B625250007F9A42 /* Build configuration list for PBXProject "ejercicioRepasoDiTema2" */;
			compatibilityVersion = "Xcode 9.3";
			developmentRegion = en;
			hasScannedForEncodings = 0;
			knownRegions = (
				en,
				Base,
			);
			mainGroup = 1B05B1792B625250007F9A42;
			packageReferences = (
				1B05B1C12B625577007F9A42 /* XCRemoteSwiftPackageReference "Alamofire" */,
				1B05B1C72B6256F4007F9A42 /* XCRemoteSwiftPackageReference "AlamofireImage" */,
				1BBDF74C2B63DE8D005BC90A /* XCRemoteSwiftPackageReference "firebase-ios-sdk" */,
				1B4CF8A32B6B959B00A6A2F9 /* XCRemoteSwiftPackageReference "Toast-Swift" */,
			);
			productRefGroup = 1B05B1832B625251007F9A42 /* Products */;
			projectDirPath = "";
			projectRoot = "";
			targets = (
				1B05B1812B625250007F9A42 /* ejercicioRepasoDiTema2 */,
				1B05B1972B625251007F9A42 /* ejercicioRepasoDiTema2Tests */,
				1B05B1A22B625252007F9A42 /* ejercicioRepasoDiTema2UITests */,
			);
		};
/* End PBXProject section */

/* Begin PBXResourcesBuildPhase section */
		1B05B1802B625250007F9A42 /* Resources */ = {
			isa = PBXResourcesBuildPhase;
			buildActionMask = 2147483647;
			files = (
				1B05B1922B625251007F9A42 /* LaunchScreen.storyboard in Resources */,
				1BBDF7892B63E044005BC90A /* GoogleService-Info.plist in Resources */,
				1B05B18F2B625251007F9A42 /* Assets.xcassets in Resources */,
				1B05B18D2B625251007F9A42 /* Main.storyboard in Resources */,
			);
			runOnlyForDeploymentPostprocessing = 0;
		};
		1B05B1962B625251007F9A42 /* Resources */ = {
			isa = PBXResourcesBuildPhase;
			buildActionMask = 2147483647;
			files = (
			);
			runOnlyForDeploymentPostprocessing = 0;
		};
		1B05B1A12B625252007F9A42 /* Resources */ = {
			isa = PBXResourcesBuildPhase;
			buildActionMask = 2147483647;
			files = (
			);
			runOnlyForDeploymentPostprocessing = 0;
		};
/* End PBXResourcesBuildPhase section */

/* Begin PBXSourcesBuildPhase section */
		1B05B17E2B625250007F9A42 /* Sources */ = {
			isa = PBXSourcesBuildPhase;
			buildActionMask = 2147483647;
			files = (
				1BBDF78E2B63E1F2005BC90A /* LoginViewController.swift in Sources */,
				1BBDF7482B63D327005BC90A /* RecetaViewController.swift in Sources */,
				1B05B18A2B625251007F9A42 /* ViewController.swift in Sources */,
				1B05B1DB2B625788007F9A42 /* ApiConexiones.swift in Sources */,
				1B05B1862B625251007F9A42 /* AppDelegate.swift in Sources */,
				1B05B1882B625251007F9A42 /* SceneDelegate.swift in Sources */,
				1B4CF89F2B6B930200A6A2F9 /* ManagerUserDefaults.swift in Sources */,
				1B05B1E02B62695F007F9A42 /* MealsViewController.swift in Sources */,
				1B05B1BA2B6253DE007F9A42 /* CeldaTableViewCell.swift in Sources */,
				1B05B1D52B62570F007F9A42 /* modelos.swift in Sources */,
			);
			runOnlyForDeploymentPostprocessing = 0;
		};
		1B05B1942B625251007F9A42 /* Sources */ = {
			isa = PBXSourcesBuildPhase;
			buildActionMask = 2147483647;
			files = (
				1B05B19D2B625251007F9A42 /* ejercicioRepasoDiTema2Tests.swift in Sources */,
			);
			runOnlyForDeploymentPostprocessing = 0;
		};
		1B05B19F2B625252007F9A42 /* Sources */ = {
			isa = PBXSourcesBuildPhase;
			buildActionMask = 2147483647;
			files = (
				1B05B1A82B625252007F9A42 /* ejercicioRepasoDiTema2UITests.swift in Sources */,
			);
			runOnlyForDeploymentPostprocessing = 0;
		};
/* End PBXSourcesBuildPhase section */

/* Begin PBXTargetDependency section */
		1B05B19A2B625251007F9A42 /* PBXTargetDependency */ = {
			isa = PBXTargetDependency;
			target = 1B05B1812B625250007F9A42 /* ejercicioRepasoDiTema2 */;
			targetProxy = 1B05B1992B625251007F9A42 /* PBXContainerItemProxy */;
		};
		1B05B1A52B625252007F9A42 /* PBXTargetDependency */ = {
			isa = PBXTargetDependency;
			target = 1B05B1812B625250007F9A42 /* ejercicioRepasoDiTema2 */;
			targetProxy = 1B05B1A42B625252007F9A42 /* PBXContainerItemProxy */;
		};
/* End PBXTargetDependency section */

/* Begin PBXVariantGroup section */
		1B05B18B2B625251007F9A42 /* Main.storyboard */ = {
			isa = PBXVariantGroup;
			children = (
				1B05B18C2B625251007F9A42 /* Base */,
			);
			name = Main.storyboard;
			sourceTree = "<group>";
		};
		1B05B1902B625251007F9A42 /* LaunchScreen.storyboard */ = {
			isa = PBXVariantGroup;
			children = (
				1B05B1912B625251007F9A42 /* Base */,
			);
			name = LaunchScreen.storyboard;
			sourceTree = "<group>";
		};
/* End PBXVariantGroup section */

/* Begin XCBuildConfiguration section */
		1B05B1AA2B625252007F9A42 /* Debug */ = {
			isa = XCBuildConfiguration;
			buildSettings = {
				ALWAYS_SEARCH_USER_PATHS = NO;
				CLANG_ANALYZER_NONNULL = YES;
				CLANG_ANALYZER_NUMBER_OBJECT_CONVERSION = YES_AGGRESSIVE;
				CLANG_CXX_LANGUAGE_STANDARD = "gnu++14";
				CLANG_CXX_LIBRARY = "libc++";
				CLANG_ENABLE_MODULES = YES;
				CLANG_ENABLE_OBJC_ARC = YES;
				CLANG_ENABLE_OBJC_WEAK = YES;
				CLANG_WARN_BLOCK_CAPTURE_AUTORELEASING = YES;
				CLANG_WARN_BOOL_CONVERSION = YES;
				CLANG_WARN_COMMA = YES;
				CLANG_WARN_CONSTANT_CONVERSION = YES;
				CLANG_WARN_DEPRECATED_OBJC_IMPLEMENTATIONS = YES;
				CLANG_WARN_DIRECT_OBJC_ISA_USAGE = YES_ERROR;
				CLANG_WARN_DOCUMENTATION_COMMENTS = YES;
				CLANG_WARN_EMPTY_BODY = YES;
				CLANG_WARN_ENUM_CONVERSION = YES;
				CLANG_WARN_INFINITE_RECURSION = YES;
				CLANG_WARN_INT_CONVERSION = YES;
				CLANG_WARN_NON_LITERAL_NULL_CONVERSION = YES;
				CLANG_WARN_OBJC_IMPLICIT_RETAIN_SELF = YES;
				CLANG_WARN_OBJC_LITERAL_CONVERSION = YES;
				CLANG_WARN_OBJC_ROOT_CLASS = YES_ERROR;
				CLANG_WARN_QUOTED_INCLUDE_IN_FRAMEWORK_HEADER = YES;
				CLANG_WARN_RANGE_LOOP_ANALYSIS = YES;
				CLANG_WARN_STRICT_PROTOTYPES = YES;
				CLANG_WARN_SUSPICIOUS_MOVE = YES;
				CLANG_WARN_UNGUARDED_AVAILABILITY = YES_AGGRESSIVE;
				CLANG_WARN_UNREACHABLE_CODE = YES;
				CLANG_WARN__DUPLICATE_METHOD_MATCH = YES;
				COPY_PHASE_STRIP = NO;
				DEBUG_INFORMATION_FORMAT = dwarf;
				ENABLE_STRICT_OBJC_MSGSEND = YES;
				ENABLE_TESTABILITY = YES;
				GCC_C_LANGUAGE_STANDARD = gnu11;
				GCC_DYNAMIC_NO_PIC = NO;
				GCC_NO_COMMON_BLOCKS = YES;
				GCC_OPTIMIZATION_LEVEL = 0;
				GCC_PREPROCESSOR_DEFINITIONS = (
					"DEBUG=1",
					"$(inherited)",
				);
				GCC_WARN_64_TO_32_BIT_CONVERSION = YES;
				GCC_WARN_ABOUT_RETURN_TYPE = YES_ERROR;
				GCC_WARN_UNDECLARED_SELECTOR = YES;
				GCC_WARN_UNINITIALIZED_AUTOS = YES_AGGRESSIVE;
				GCC_WARN_UNUSED_FUNCTION = YES;
				GCC_WARN_UNUSED_VARIABLE = YES;
				IPHONEOS_DEPLOYMENT_TARGET = 14.4;
				MTL_ENABLE_DEBUG_INFO = INCLUDE_SOURCE;
				MTL_FAST_MATH = YES;
				ONLY_ACTIVE_ARCH = YES;
				SDKROOT = iphoneos;
				SWIFT_ACTIVE_COMPILATION_CONDITIONS = DEBUG;
				SWIFT_OPTIMIZATION_LEVEL = "-Onone";
			};
			name = Debug;
		};
		1B05B1AB2B625252007F9A42 /* Release */ = {
			isa = XCBuildConfiguration;
			buildSettings = {
				ALWAYS_SEARCH_USER_PATHS = NO;
				CLANG_ANALYZER_NONNULL = YES;
				CLANG_ANALYZER_NUMBER_OBJECT_CONVERSION = YES_AGGRESSIVE;
				CLANG_CXX_LANGUAGE_STANDARD = "gnu++14";
				CLANG_CXX_LIBRARY = "libc++";
				CLANG_ENABLE_MODULES = YES;
				CLANG_ENABLE_OBJC_ARC = YES;
				CLANG_ENABLE_OBJC_WEAK = YES;
				CLANG_WARN_BLOCK_CAPTURE_AUTORELEASING = YES;
				CLANG_WARN_BOOL_CONVERSION = YES;
				CLANG_WARN_COMMA = YES;
				CLANG_WARN_CONSTANT_CONVERSION = YES;
				CLANG_WARN_DEPRECATED_OBJC_IMPLEMENTATIONS = YES;
				CLANG_WARN_DIRECT_OBJC_ISA_USAGE = YES_ERROR;
				CLANG_WARN_DOCUMENTATION_COMMENTS = YES;
				CLANG_WARN_EMPTY_BODY = YES;
				CLANG_WARN_ENUM_CONVERSION = YES;
				CLANG_WARN_INFINITE_RECURSION = YES;
				CLANG_WARN_INT_CONVERSION = YES;
				CLANG_WARN_NON_LITERAL_NULL_CONVERSION = YES;
				CLANG_WARN_OBJC_IMPLICIT_RETAIN_SELF = YES;
				CLANG_WARN_OBJC_LITERAL_CONVERSION = YES;
				CLANG_WARN_OBJC_ROOT_CLASS = YES_ERROR;
				CLANG_WARN_QUOTED_INCLUDE_IN_FRAMEWORK_HEADER = YES;
				CLANG_WARN_RANGE_LOOP_ANALYSIS = YES;
				CLANG_WARN_STRICT_PROTOTYPES = YES;
				CLANG_WARN_SUSPICIOUS_MOVE = YES;
				CLANG_WARN_UNGUARDED_AVAILABILITY = YES_AGGRESSIVE;
				CLANG_WARN_UNREACHABLE_CODE = YES;
				CLANG_WARN__DUPLICATE_METHOD_MATCH = YES;
				COPY_PHASE_STRIP = NO;
				DEBUG_INFORMATION_FORMAT = "dwarf-with-dsym";
				ENABLE_NS_ASSERTIONS = NO;
				ENABLE_STRICT_OBJC_MSGSEND = YES;
				GCC_C_LANGUAGE_STANDARD = gnu11;
				GCC_NO_COMMON_BLOCKS = YES;
				GCC_WARN_64_TO_32_BIT_CONVERSION = YES;
				GCC_WARN_ABOUT_RETURN_TYPE = YES_ERROR;
				GCC_WARN_UNDECLARED_SELECTOR = YES;
				GCC_WARN_UNINITIALIZED_AUTOS = YES_AGGRESSIVE;
				GCC_WARN_UNUSED_FUNCTION = YES;
				GCC_WARN_UNUSED_VARIABLE = YES;
				IPHONEOS_DEPLOYMENT_TARGET = 14.4;
				MTL_ENABLE_DEBUG_INFO = NO;
				MTL_FAST_MATH = YES;
				SDKROOT = iphoneos;
				SWIFT_COMPILATION_MODE = wholemodule;
				SWIFT_OPTIMIZATION_LEVEL = "-O";
				VALIDATE_PRODUCT = YES;
			};
			name = Release;
		};
		1B05B1AD2B625252007F9A42 /* Debug */ = {
			isa = XCBuildConfiguration;
			buildSettings = {
				ASSETCATALOG_COMPILER_APPICON_NAME = AppIcon;
				ASSETCATALOG_COMPILER_GLOBAL_ACCENT_COLOR_NAME = AccentColor;
				CODE_SIGN_STYLE = Automatic;
				INFOPLIST_FILE = ejercicioRepasoDiTema2/Info.plist;
				LD_RUNPATH_SEARCH_PATHS = (
					"$(inherited)",
					"@executable_path/Frameworks",
				);
				PRODUCT_BUNDLE_IDENTIFIER = montacer.elfazazi.ejercicioRepasoDiTema2;
				PRODUCT_NAME = "$(TARGET_NAME)";
				SWIFT_VERSION = 5.0;
				TARGETED_DEVICE_FAMILY = "1,2";
			};
			name = Debug;
		};
		1B05B1AE2B625252007F9A42 /* Release */ = {
			isa = XCBuildConfiguration;
			buildSettings = {
				ASSETCATALOG_COMPILER_APPICON_NAME = AppIcon;
				ASSETCATALOG_COMPILER_GLOBAL_ACCENT_COLOR_NAME = AccentColor;
				CODE_SIGN_STYLE = Automatic;
				INFOPLIST_FILE = ejercicioRepasoDiTema2/Info.plist;
				LD_RUNPATH_SEARCH_PATHS = (
					"$(inherited)",
					"@executable_path/Frameworks",
				);
				PRODUCT_BUNDLE_IDENTIFIER = montacer.elfazazi.ejercicioRepasoDiTema2;
				PRODUCT_NAME = "$(TARGET_NAME)";
				SWIFT_VERSION = 5.0;
				TARGETED_DEVICE_FAMILY = "1,2";
			};
			name = Release;
		};
		1B05B1B02B625252007F9A42 /* Debug */ = {
			isa = XCBuildConfiguration;
			buildSettings = {
				ALWAYS_EMBED_SWIFT_STANDARD_LIBRARIES = YES;
				BUNDLE_LOADER = "$(TEST_HOST)";
				CODE_SIGN_STYLE = Automatic;
				INFOPLIST_FILE = ejercicioRepasoDiTema2Tests/Info.plist;
				IPHONEOS_DEPLOYMENT_TARGET = 14.4;
				LD_RUNPATH_SEARCH_PATHS = (
					"$(inherited)",
					"@executable_path/Frameworks",
					"@loader_path/Frameworks",
				);
				PRODUCT_BUNDLE_IDENTIFIER = montacer.elfazazi.ejercicioRepasoDiTema2Tests;
				PRODUCT_NAME = "$(TARGET_NAME)";
				SWIFT_VERSION = 5.0;
				TARGETED_DEVICE_FAMILY = "1,2";
				TEST_HOST = "$(BUILT_PRODUCTS_DIR)/ejercicioRepasoDiTema2.app/ejercicioRepasoDiTema2";
			};
			name = Debug;
		};
		1B05B1B12B625252007F9A42 /* Release */ = {
			isa = XCBuildConfiguration;
			buildSettings = {
				ALWAYS_EMBED_SWIFT_STANDARD_LIBRARIES = YES;
				BUNDLE_LOADER = "$(TEST_HOST)";
				CODE_SIGN_STYLE = Automatic;
				INFOPLIST_FILE = ejercicioRepasoDiTema2Tests/Info.plist;
				IPHONEOS_DEPLOYMENT_TARGET = 14.4;
				LD_RUNPATH_SEARCH_PATHS = (
					"$(inherited)",
					"@executable_path/Frameworks",
					"@loader_path/Frameworks",
				);
				PRODUCT_BUNDLE_IDENTIFIER = montacer.elfazazi.ejercicioRepasoDiTema2Tests;
				PRODUCT_NAME = "$(TARGET_NAME)";
				SWIFT_VERSION = 5.0;
				TARGETED_DEVICE_FAMILY = "1,2";
				TEST_HOST = "$(BUILT_PRODUCTS_DIR)/ejercicioRepasoDiTema2.app/ejercicioRepasoDiTema2";
			};
			name = Release;
		};
		1B05B1B32B625252007F9A42 /* Debug */ = {
			isa = XCBuildConfiguration;
			buildSettings = {
				ALWAYS_EMBED_SWIFT_STANDARD_LIBRARIES = YES;
				CODE_SIGN_STYLE = Automatic;
				INFOPLIST_FILE = ejercicioRepasoDiTema2UITests/Info.plist;
				LD_RUNPATH_SEARCH_PATHS = (
					"$(inherited)",
					"@executable_path/Frameworks",
					"@loader_path/Frameworks",
				);
				PRODUCT_BUNDLE_IDENTIFIER = montacer.elfazazi.ejercicioRepasoDiTema2UITests;
				PRODUCT_NAME = "$(TARGET_NAME)";
				SWIFT_VERSION = 5.0;
				TARGETED_DEVICE_FAMILY = "1,2";
				TEST_TARGET_NAME = ejercicioRepasoDiTema2;
			};
			name = Debug;
		};
		1B05B1B42B625252007F9A42 /* Release */ = {
			isa = XCBuildConfiguration;
			buildSettings = {
				ALWAYS_EMBED_SWIFT_STANDARD_LIBRARIES = YES;
				CODE_SIGN_STYLE = Automatic;
				INFOPLIST_FILE = ejercicioRepasoDiTema2UITests/Info.plist;
				LD_RUNPATH_SEARCH_PATHS = (
					"$(inherited)",
					"@executable_path/Frameworks",
					"@loader_path/Frameworks",
				);
				PRODUCT_BUNDLE_IDENTIFIER = montacer.elfazazi.ejercicioRepasoDiTema2UITests;
				PRODUCT_NAME = "$(TARGET_NAME)";
				SWIFT_VERSION = 5.0;
				TARGETED_DEVICE_FAMILY = "1,2";
				TEST_TARGET_NAME = ejercicioRepasoDiTema2;
			};
			name = Release;
		};
/* End XCBuildConfiguration section */

/* Begin XCConfigurationList section */
		1B05B17D2B625250007F9A42 /* Build configuration list for PBXProject "ejercicioRepasoDiTema2" */ = {
			isa = XCConfigurationList;
			buildConfigurations = (
				1B05B1AA2B625252007F9A42 /* Debug */,
				1B05B1AB2B625252007F9A42 /* Release */,
			);
			defaultConfigurationIsVisible = 0;
			defaultConfigurationName = Release;
		};
		1B05B1AC2B625252007F9A42 /* Build configuration list for PBXNativeTarget "ejercicioRepasoDiTema2" */ = {
			isa = XCConfigurationList;
			buildConfigurations = (
				1B05B1AD2B625252007F9A42 /* Debug */,
				1B05B1AE2B625252007F9A42 /* Release */,
			);
			defaultConfigurationIsVisible = 0;
			defaultConfigurationName = Release;
		};
		1B05B1AF2B625252007F9A42 /* Build configuration list for PBXNativeTarget "ejercicioRepasoDiTema2Tests" */ = {
			isa = XCConfigurationList;
			buildConfigurations = (
				1B05B1B02B625252007F9A42 /* Debug */,
				1B05B1B12B625252007F9A42 /* Release */,
			);
			defaultConfigurationIsVisible = 0;
			defaultConfigurationName = Release;
		};
		1B05B1B22B625252007F9A42 /* Build configuration list for PBXNativeTarget "ejercicioRepasoDiTema2UITests" */ = {
			isa = XCConfigurationList;
			buildConfigurations = (
				1B05B1B32B625252007F9A42 /* Debug */,
				1B05B1B42B625252007F9A42 /* Release */,
			);
			defaultConfigurationIsVisible = 0;
			defaultConfigurationName = Release;
		};
/* End XCConfigurationList section */

/* Begin XCRemoteSwiftPackageReference section */
		1B05B1C12B625577007F9A42 /* XCRemoteSwiftPackageReference "Alamofire" */ = {
			isa = XCRemoteSwiftPackageReference;
			repositoryURL = "https://github.com/Alamofire/Alamofire.git";
			requirement = {
				kind = upToNextMajorVersion;
				minimumVersion = 5.0.1;
			};
		};
		1B05B1C72B6256F4007F9A42 /* XCRemoteSwiftPackageReference "AlamofireImage" */ = {
			isa = XCRemoteSwiftPackageReference;
			repositoryURL = "https://github.com/Alamofire/AlamofireImage.git";
			requirement = {
				kind = upToNextMajorVersion;
				minimumVersion = 4.0.0;
			};
		};
		1B4CF8A32B6B959B00A6A2F9 /* XCRemoteSwiftPackageReference "Toast-Swift" */ = {
			isa = XCRemoteSwiftPackageReference;
			repositoryURL = "https://github.com/scalessec/Toast-Swift.git";
			requirement = {
				kind = upToNextMajorVersion;
				minimumVersion = 5.1.0;
			};
		};
		1BBDF74C2B63DE8D005BC90A /* XCRemoteSwiftPackageReference "firebase-ios-sdk" */ = {
			isa = XCRemoteSwiftPackageReference;
			repositoryURL = "https://github.com/firebase/firebase-ios-sdk.git";
			requirement = {
				kind = upToNextMajorVersion;
				minimumVersion = 8.15.0;
			};
		};
/* End XCRemoteSwiftPackageReference section */

/* Begin XCSwiftPackageProductDependency section */
		1B05B1C22B625577007F9A42 /* Alamofire */ = {
			isa = XCSwiftPackageProductDependency;
			package = 1B05B1C12B625577007F9A42 /* XCRemoteSwiftPackageReference "Alamofire" */;
			productName = Alamofire;
		};
		1B05B1C82B6256F4007F9A42 /* AlamofireImage */ = {
			isa = XCSwiftPackageProductDependency;
			package = 1B05B1C72B6256F4007F9A42 /* XCRemoteSwiftPackageReference "AlamofireImage" */;
			productName = AlamofireImage;
		};
		1B4CF8A42B6B959B00A6A2F9 /* Toast */ = {
			isa = XCSwiftPackageProductDependency;
			package = 1B4CF8A32B6B959B00A6A2F9 /* XCRemoteSwiftPackageReference "Toast-Swift" */;
			productName = Toast;
		};
		1BBDF74D2B63DE8D005BC90A /* FirebaseAppDistribution-Beta */ = {
			isa = XCSwiftPackageProductDependency;
			package = 1BBDF74C2B63DE8D005BC90A /* XCRemoteSwiftPackageReference "firebase-ios-sdk" */;
			productName = "FirebaseAppDistribution-Beta";
		};
		1BBDF74F2B63DE8D005BC90A /* FirebaseInAppMessaging-Beta */ = {
			isa = XCSwiftPackageProductDependency;
			package = 1BBDF74C2B63DE8D005BC90A /* XCRemoteSwiftPackageReference "firebase-ios-sdk" */;
			productName = "FirebaseInAppMessaging-Beta";
		};
		1BBDF7512B63DE8D005BC90A /* FirebaseAnalyticsSwift-Beta */ = {
			isa = XCSwiftPackageProductDependency;
			package = 1BBDF74C2B63DE8D005BC90A /* XCRemoteSwiftPackageReference "firebase-ios-sdk" */;
			productName = "FirebaseAnalyticsSwift-Beta";
		};
		1BBDF7532B63DE8D005BC90A /* FirebaseAnalyticsWithoutAdIdSupport */ = {
			isa = XCSwiftPackageProductDependency;
			package = 1BBDF74C2B63DE8D005BC90A /* XCRemoteSwiftPackageReference "firebase-ios-sdk" */;
			productName = FirebaseAnalyticsWithoutAdIdSupport;
		};
		1BBDF7552B63DE8D005BC90A /* FirebaseFirestore */ = {
			isa = XCSwiftPackageProductDependency;
			package = 1BBDF74C2B63DE8D005BC90A /* XCRemoteSwiftPackageReference "firebase-ios-sdk" */;
			productName = FirebaseFirestore;
		};
		1BBDF7572B63DE8D005BC90A /* FirebaseAuthCombine-Community */ = {
			isa = XCSwiftPackageProductDependency;
			package = 1BBDF74C2B63DE8D005BC90A /* XCRemoteSwiftPackageReference "firebase-ios-sdk" */;
			productName = "FirebaseAuthCombine-Community";
		};
		1BBDF7592B63DE8D005BC90A /* FirebaseInstallations */ = {
			isa = XCSwiftPackageProductDependency;
			package = 1BBDF74C2B63DE8D005BC90A /* XCRemoteSwiftPackageReference "firebase-ios-sdk" */;
			productName = FirebaseInstallations;
		};
		1BBDF75B2B63DE8D005BC90A /* FirebaseRemoteConfigSwift-Beta */ = {
			isa = XCSwiftPackageProductDependency;
			package = 1BBDF74C2B63DE8D005BC90A /* XCRemoteSwiftPackageReference "firebase-ios-sdk" */;
			productName = "FirebaseRemoteConfigSwift-Beta";
		};
		1BBDF75D2B63DE8D005BC90A /* FirebaseFunctionsCombine-Community */ = {
			isa = XCSwiftPackageProductDependency;
			package = 1BBDF74C2B63DE8D005BC90A /* XCRemoteSwiftPackageReference "firebase-ios-sdk" */;
			productName = "FirebaseFunctionsCombine-Community";
		};
		1BBDF75F2B63DE8D005BC90A /* FirebaseFirestoreSwift-Beta */ = {
			isa = XCSwiftPackageProductDependency;
			package = 1BBDF74C2B63DE8D005BC90A /* XCRemoteSwiftPackageReference "firebase-ios-sdk" */;
			productName = "FirebaseFirestoreSwift-Beta";
		};
		1BBDF7612B63DE8D005BC90A /* FirebaseAnalytics */ = {
			isa = XCSwiftPackageProductDependency;
			package = 1BBDF74C2B63DE8D005BC90A /* XCRemoteSwiftPackageReference "firebase-ios-sdk" */;
			productName = FirebaseAnalytics;
		};
		1BBDF7632B63DE8D005BC90A /* FirebaseDatabase */ = {
			isa = XCSwiftPackageProductDependency;
			package = 1BBDF74C2B63DE8D005BC90A /* XCRemoteSwiftPackageReference "firebase-ios-sdk" */;
			productName = FirebaseDatabase;
		};
		1BBDF7652B63DE8D005BC90A /* FirebasePerformance */ = {
			isa = XCSwiftPackageProductDependency;
			package = 1BBDF74C2B63DE8D005BC90A /* XCRemoteSwiftPackageReference "firebase-ios-sdk" */;
			productName = FirebasePerformance;
		};
		1BBDF7672B63DE8D005BC90A /* FirebaseRemoteConfig */ = {
			isa = XCSwiftPackageProductDependency;
			package = 1BBDF74C2B63DE8D005BC90A /* XCRemoteSwiftPackageReference "firebase-ios-sdk" */;
			productName = FirebaseRemoteConfig;
		};
		1BBDF7692B63DE8D005BC90A /* FirebaseAppCheck */ = {
			isa = XCSwiftPackageProductDependency;
			package = 1BBDF74C2B63DE8D005BC90A /* XCRemoteSwiftPackageReference "firebase-ios-sdk" */;
			productName = FirebaseAppCheck;
		};
		1BBDF76B2B63DE8D005BC90A /* FirebaseStorageCombine-Community */ = {
			isa = XCSwiftPackageProductDependency;
			package = 1BBDF74C2B63DE8D005BC90A /* XCRemoteSwiftPackageReference "firebase-ios-sdk" */;
			productName = "FirebaseStorageCombine-Community";
		};
		1BBDF76D2B63DE8D005BC90A /* FirebaseAuth */ = {
			isa = XCSwiftPackageProductDependency;
			package = 1BBDF74C2B63DE8D005BC90A /* XCRemoteSwiftPackageReference "firebase-ios-sdk" */;
			productName = FirebaseAuth;
		};
		1BBDF76F2B63DE8D005BC90A /* FirebaseInAppMessagingSwift-Beta */ = {
			isa = XCSwiftPackageProductDependency;
			package = 1BBDF74C2B63DE8D005BC90A /* XCRemoteSwiftPackageReference "firebase-ios-sdk" */;
			productName = "FirebaseInAppMessagingSwift-Beta";
		};
		1BBDF7712B63DE8D005BC90A /* FirebaseDatabaseSwift-Beta */ = {
			isa = XCSwiftPackageProductDependency;
			package = 1BBDF74C2B63DE8D005BC90A /* XCRemoteSwiftPackageReference "firebase-ios-sdk" */;
			productName = "FirebaseDatabaseSwift-Beta";
		};
		1BBDF7732B63DE8D005BC90A /* FirebaseStorageSwift-Beta */ = {
			isa = XCSwiftPackageProductDependency;
			package = 1BBDF74C2B63DE8D005BC90A /* XCRemoteSwiftPackageReference "firebase-ios-sdk" */;
			productName = "FirebaseStorageSwift-Beta";
		};
		1BBDF7752B63DE8D005BC90A /* FirebaseMLModelDownloader */ = {
			isa = XCSwiftPackageProductDependency;
			package = 1BBDF74C2B63DE8D005BC90A /* XCRemoteSwiftPackageReference "firebase-ios-sdk" */;
			productName = FirebaseMLModelDownloader;
		};
		1BBDF7772B63DE8D005BC90A /* FirebaseCrashlytics */ = {
			isa = XCSwiftPackageProductDependency;
			package = 1BBDF74C2B63DE8D005BC90A /* XCRemoteSwiftPackageReference "firebase-ios-sdk" */;
			productName = FirebaseCrashlytics;
		};
		1BBDF7792B63DE8D005BC90A /* FirebaseMessaging */ = {
			isa = XCSwiftPackageProductDependency;
			package = 1BBDF74C2B63DE8D005BC90A /* XCRemoteSwiftPackageReference "firebase-ios-sdk" */;
			productName = FirebaseMessaging;
		};
		1BBDF77B2B63DE8D005BC90A /* FirebaseStorage */ = {
			isa = XCSwiftPackageProductDependency;
			package = 1BBDF74C2B63DE8D005BC90A /* XCRemoteSwiftPackageReference "firebase-ios-sdk" */;
			productName = FirebaseStorage;
		};
		1BBDF77D2B63DE8D005BC90A /* FirebaseDynamicLinks */ = {
			isa = XCSwiftPackageProductDependency;
			package = 1BBDF74C2B63DE8D005BC90A /* XCRemoteSwiftPackageReference "firebase-ios-sdk" */;
			productName = FirebaseDynamicLinks;
		};
		1BBDF77F2B63DE8D005BC90A /* FirebaseFunctionsSwift-Beta */ = {
			isa = XCSwiftPackageProductDependency;
			package = 1BBDF74C2B63DE8D005BC90A /* XCRemoteSwiftPackageReference "firebase-ios-sdk" */;
			productName = "FirebaseFunctionsSwift-Beta";
		};
		1BBDF7812B63DE8D005BC90A /* FirebaseFunctions */ = {
			isa = XCSwiftPackageProductDependency;
			package = 1BBDF74C2B63DE8D005BC90A /* XCRemoteSwiftPackageReference "firebase-ios-sdk" */;
			productName = FirebaseFunctions;
		};
		1BBDF7832B63DE8D005BC90A /* FirebaseFirestoreCombine-Community */ = {
			isa = XCSwiftPackageProductDependency;
			package = 1BBDF74C2B63DE8D005BC90A /* XCRemoteSwiftPackageReference "firebase-ios-sdk" */;
			productName = "FirebaseFirestoreCombine-Community";
		};
/* End XCSwiftPackageProductDependency section */
	};
	rootObject = 1B05B17A2B625250007F9A42 /* Project object */;
}
